
Microsoft Visual Studio Solution File, Format Version 12.00
# Visual Studio Version 17
VisualStudioVersion = 17.11.35222.181
MinimumVisualStudioVersion = 10.0.40219.1
Project("{9A19103F-16F7-4668-BE54-9A1E7A4F7556}") = "Advent of Code 2024.1.1", "1.1\Advent of Code 2024.1.1.csproj", "{DB789738-3655-49E5-BEB3-08906516679E}"
EndProject
Project("{9A19103F-16F7-4668-BE54-9A1E7A4F7556}") = "Advent of Code 2024.1.2", "1.2\Advent of Code 2024.1.2.csproj", "{A2D6E354-DFF2-44C4-B4B5-DFDB4BCA9B27}"
EndProject
Project("{9A19103F-16F7-4668-BE54-9A1E7A4F7556}") = "2.1", "2.1\2.1.csproj", "{27B1FCFE-4C24-4284-9ABF-D5EE64CF1098}"
EndProject
Project("{9A19103F-16F7-4668-BE54-9A1E7A4F7556}") = "2.2", "2.2\2.2.csproj", "{83493A93-336B-4A96-85BB-E579F2C28DD2}"
EndProject
Project("{9A19103F-16F7-4668-BE54-9A1E7A4F7556}") = "3.1", "3.1\3.1.csproj", "{F8DD4FDA-207D-46FD-87D8-2B2BB7532B06}"
EndProject
Project("{9A19103F-16F7-4668-BE54-9A1E7A4F7556}") = "3.2", "3.2\3.2.csproj", "{300E8088-19B3-4B5D-8F69-65C9200E21C4}"
EndProject
Project("{FAE04EC0-301F-11D3-BF4B-00C04F79EFBC}") = "4.1", "4.1\4.1.csproj", "{E9359A33-15FE-4E61-BCB1-50D3783017E4}"
EndProject
Project("{FAE04EC0-301F-11D3-BF4B-00C04F79EFBC}") = "4.2", "4.2\4.2.csproj", "{EB1F8111-8239-4EF7-848B-2BB1EE939187}"
EndProject
Global
	GlobalSection(SolutionConfigurationPlatforms) = preSolution
		Debug|Any CPU = Debug|Any CPU
		Release|Any CPU = Release|Any CPU
	EndGlobalSection
	GlobalSection(ProjectConfigurationPlatforms) = postSolution
		{DB789738-3655-49E5-BEB3-08906516679E}.Debug|Any CPU.ActiveCfg = Debug|Any CPU
		{DB789738-3655-49E5-BEB3-08906516679E}.Debug|Any CPU.Build.0 = Debug|Any CPU
		{DB789738-3655-49E5-BEB3-08906516679E}.Release|Any CPU.ActiveCfg = Release|Any CPU
		{DB789738-3655-49E5-BEB3-08906516679E}.Release|Any CPU.Build.0 = Release|Any CPU
		{A2D6E354-DFF2-44C4-B4B5-DFDB4BCA9B27}.Debug|Any CPU.ActiveCfg = Debug|Any CPU
		{A2D6E354-DFF2-44C4-B4B5-DFDB4BCA9B27}.Debug|Any CPU.Build.0 = Debug|Any CPU
		{A2D6E354-DFF2-44C4-B4B5-DFDB4BCA9B27}.Release|Any CPU.ActiveCfg = Release|Any CPU
		{A2D6E354-DFF2-44C4-B4B5-DFDB4BCA9B27}.Release|Any CPU.Build.0 = Release|Any CPU
		{27B1FCFE-4C24-4284-9ABF-D5EE64CF1098}.Debug|Any CPU.ActiveCfg = Debug|Any CPU
		{27B1FCFE-4C24-4284-9ABF-D5EE64CF1098}.Debug|Any CPU.Build.0 = Debug|Any CPU
		{27B1FCFE-4C24-4284-9ABF-D5EE64CF1098}.Release|Any CPU.ActiveCfg = Release|Any CPU
		{27B1FCFE-4C24-4284-9ABF-D5EE64CF1098}.Release|Any CPU.Build.0 = Release|Any CPU
		{83493A93-336B-4A96-85BB-E579F2C28DD2}.Debug|Any CPU.ActiveCfg = Debug|Any CPU
		{83493A93-336B-4A96-85BB-E579F2C28DD2}.Debug|Any CPU.Build.0 = Debug|Any CPU
		{83493A93-336B-4A96-85BB-E579F2C28DD2}.Release|Any CPU.ActiveCfg = Release|Any CPU
		{83493A93-336B-4A96-85BB-E579F2C28DD2}.Release|Any CPU.Build.0 = Release|Any CPU
		{F8DD4FDA-207D-46FD-87D8-2B2BB7532B06}.Debug|Any CPU.ActiveCfg = Debug|Any CPU
		{F8DD4FDA-207D-46FD-87D8-2B2BB7532B06}.Debug|Any CPU.Build.0 = Debug|Any CPU
		{F8DD4FDA-207D-46FD-87D8-2B2BB7532B06}.Release|Any CPU.ActiveCfg = Release|Any CPU
		{F8DD4FDA-207D-46FD-87D8-2B2BB7532B06}.Release|Any CPU.Build.0 = Release|Any CPU
		{300E8088-19B3-4B5D-8F69-65C9200E21C4}.Debug|Any CPU.ActiveCfg = Debug|Any CPU
		{300E8088-19B3-4B5D-8F69-65C9200E21C4}.Debug|Any CPU.Build.0 = Debug|Any CPU
		{300E8088-19B3-4B5D-8F69-65C9200E21C4}.Release|Any CPU.ActiveCfg = Release|Any CPU
		{300E8088-19B3-4B5D-8F69-65C9200E21C4}.Release|Any CPU.Build.0 = Release|Any CPU
		{E9359A33-15FE-4E61-BCB1-50D3783017E4}.Debug|Any CPU.ActiveCfg = Debug|Any CPU
		{E9359A33-15FE-4E61-BCB1-50D3783017E4}.Debug|Any CPU.Build.0 = Debug|Any CPU
		{E9359A33-15FE-4E61-BCB1-50D3783017E4}.Release|Any CPU.ActiveCfg = Release|Any CPU
		{E9359A33-15FE-4E61-BCB1-50D3783017E4}.Release|Any CPU.Build.0 = Release|Any CPU
		{EB1F8111-8239-4EF7-848B-2BB1EE939187}.Debug|Any CPU.ActiveCfg = Debug|Any CPU
		{EB1F8111-8239-4EF7-848B-2BB1EE939187}.Debug|Any CPU.Build.0 = Debug|Any CPU
		{EB1F8111-8239-4EF7-848B-2BB1EE939187}.Release|Any CPU.ActiveCfg = Release|Any CPU
		{EB1F8111-8239-4EF7-848B-2BB1EE939187}.Release|Any CPU.Build.0 = Release|Any CPU
	EndGlobalSection
	GlobalSection(SolutionProperties) = preSolution
		HideSolutionNode = FALSE
	EndGlobalSection
	GlobalSection(ExtensibilityGlobals) = postSolution
		SolutionGuid = {5F4CF79F-817F-405E-911A-20C49F62E0CC}
	EndGlobalSection
EndGlobal
